
Microsoft Visual Studio Solution File, Format Version 12.00
# Visual Studio Version 17
VisualStudioVersion = 17.14.36623.8
MinimumVisualStudioVersion = 10.0.40219.1
Project("{FAE04EC0-301F-11D3-BF4B-00C04F79EFBC}") = "BasicCalculator", "BasicCalculator\BasicCalculator.csproj", "{79673A25-570F-4CA0-BC06-62D1245853DF}"
EndProject
Project("{FAE04EC0-301F-11D3-BF4B-00C04F79EFBC}") = "CustomerApplication", "CustomerApplication\CustomerApplication.csproj", "{CF65823A-AED7-494C-B2A4-3C131A7604FF}"
EndProject
Project("{FAE04EC0-301F-11D3-BF4B-00C04F79EFBC}") = "LibraryTrackingSystem", "LibraryTrackingSystem\LibraryTrackingSystem.csproj", "{41FAE2BB-84FD-46E7-92B4-D89EB84949BB}"
EndProject
Global
	GlobalSection(SolutionConfigurationPlatforms) = preSolution
		Debug|Any CPU = Debug|Any CPU
		Release|Any CPU = Release|Any CPU
	EndGlobalSection
	GlobalSection(ProjectConfigurationPlatforms) = postSolution
		{79673A25-570F-4CA0-BC06-62D1245853DF}.Debug|Any CPU.ActiveCfg = Debug|Any CPU
		{79673A25-570F-4CA0-BC06-62D1245853DF}.Debug|Any CPU.Build.0 = Debug|Any CPU
		{79673A25-570F-4CA0-BC06-62D1245853DF}.Release|Any CPU.ActiveCfg = Release|Any CPU
		{79673A25-570F-4CA0-BC06-62D1245853DF}.Release|Any CPU.Build.0 = Release|Any CPU
		{CF65823A-AED7-494C-B2A4-3C131A7604FF}.Debug|Any CPU.ActiveCfg = Debug|Any CPU
		{CF65823A-AED7-494C-B2A4-3C131A7604FF}.Debug|Any CPU.Build.0 = Debug|Any CPU
		{CF65823A-AED7-494C-B2A4-3C131A7604FF}.Release|Any CPU.ActiveCfg = Release|Any CPU
		{CF65823A-AED7-494C-B2A4-3C131A7604FF}.Release|Any CPU.Build.0 = Release|Any CPU
		{41FAE2BB-84FD-46E7-92B4-D89EB84949BB}.Debug|Any CPU.ActiveCfg = Debug|Any CPU
		{41FAE2BB-84FD-46E7-92B4-D89EB84949BB}.Debug|Any CPU.Build.0 = Debug|Any CPU
		{41FAE2BB-84FD-46E7-92B4-D89EB84949BB}.Release|Any CPU.ActiveCfg = Release|Any CPU
		{41FAE2BB-84FD-46E7-92B4-D89EB84949BB}.Release|Any CPU.Build.0 = Release|Any CPU
	EndGlobalSection
	GlobalSection(SolutionProperties) = preSolution
		HideSolutionNode = FALSE
	EndGlobalSection
	GlobalSection(ExtensibilityGlobals) = postSolution
		SolutionGuid = {713BE6E4-EDA9-423E-90E0-0CD179280813}
	EndGlobalSection
EndGlobal
